// !$*UTF8*$!
{
	archiveVersion = 1;
	classes = {
	};
	objectVersion = 46;
	objects = {

/* Begin PBXBuildFile section */
		635FEB48193FC96900F5C0F4 /* Foundation.framework in Frameworks */ = {isa = PBXBuildFile; fileRef = 635FEB47193FC96900F5C0F4 /* Foundation.framework */; };
		635FEB4C193FC96900F5C0F4 /* UIKit.framework in Frameworks */ = {isa = PBXBuildFile; fileRef = 635FEB4B193FC96900F5C0F4 /* UIKit.framework */; };
		635FEB52193FC96900F5C0F4 /* InfoPlist.strings in Resources */ = {isa = PBXBuildFile; fileRef = 635FEB50193FC96900F5C0F4 /* InfoPlist.strings */; };
		635FEB54193FC96900F5C0F4 /* main.m in Sources */ = {isa = PBXBuildFile; fileRef = 635FEB53193FC96900F5C0F4 /* main.m */; };
		635FEB58193FC96900F5C0F4 /* IPAppDelegate.m in Sources */ = {isa = PBXBuildFile; fileRef = 635FEB57193FC96900F5C0F4 /* IPAppDelegate.m */; };
		635FEB5B193FC96900F5C0F4 /* Main.storyboard in Resources */ = {isa = PBXBuildFile; fileRef = 635FEB59193FC96900F5C0F4 /* Main.storyboard */; };
		635FEB5E193FC96900F5C0F4 /* IPLoginViewController.m in Sources */ = {isa = PBXBuildFile; fileRef = 635FEB5D193FC96900F5C0F4 /* IPLoginViewController.m */; };
		635FEB60193FC96900F5C0F4 /* Images.xcassets in Resources */ = {isa = PBXBuildFile; fileRef = 635FEB5F193FC96900F5C0F4 /* Images.xcassets */; };
		635FEB67193FC96900F5C0F4 /* XCTest.framework in Frameworks */ = {isa = PBXBuildFile; fileRef = 635FEB66193FC96900F5C0F4 /* XCTest.framework */; };
		635FEB68193FC96900F5C0F4 /* Foundation.framework in Frameworks */ = {isa = PBXBuildFile; fileRef = 635FEB47193FC96900F5C0F4 /* Foundation.framework */; };
		635FEB69193FC96900F5C0F4 /* UIKit.framework in Frameworks */ = {isa = PBXBuildFile; fileRef = 635FEB4B193FC96900F5C0F4 /* UIKit.framework */; };
		635FEB71193FC96900F5C0F4 /* InfoPlist.strings in Resources */ = {isa = PBXBuildFile; fileRef = 635FEB6F193FC96900F5C0F4 /* InfoPlist.strings */; };
		635FEB73193FC96900F5C0F4 /* Intern_ProgressTests.m in Sources */ = {isa = PBXBuildFile; fileRef = 635FEB72193FC96900F5C0F4 /* Intern_ProgressTests.m */; };
		635FEB7C193FCA0600F5C0F4 /* CoreGraphics.framework in Frameworks */ = {isa = PBXBuildFile; fileRef = 635FEB49193FC96900F5C0F4 /* CoreGraphics.framework */; };
		635FEB7E193FCA0D00F5C0F4 /* CoreLocation.framework in Frameworks */ = {isa = PBXBuildFile; fileRef = 635FEB7D193FCA0D00F5C0F4 /* CoreLocation.framework */; };
		635FEB80193FCA1300F5C0F4 /* CoreTelephony.framework in Frameworks */ = {isa = PBXBuildFile; fileRef = 635FEB7F193FCA1300F5C0F4 /* CoreTelephony.framework */; };
		635FEB82193FCA1B00F5C0F4 /* Security.framework in Frameworks */ = {isa = PBXBuildFile; fileRef = 635FEB81193FCA1B00F5C0F4 /* Security.framework */; };
		635FEB84193FCA2900F5C0F4 /* SystemConfiguration.framework in Frameworks */ = {isa = PBXBuildFile; fileRef = 635FEB83193FCA2900F5C0F4 /* SystemConfiguration.framework */; };
		635FEB86193FCA3100F5C0F4 /* QuartzCore.framework in Frameworks */ = {isa = PBXBuildFile; fileRef = 635FEB85193FCA3100F5C0F4 /* QuartzCore.framework */; };
		635FEB88193FCE5500F5C0F4 /* ApigeeiOSSDK.framework in Frameworks */ = {isa = PBXBuildFile; fileRef = 635FEB87193FCE5500F5C0F4 /* ApigeeiOSSDK.framework */; };
		63953ABF194121FB0078794F /* IPRegisterViewController.m in Sources */ = {isa = PBXBuildFile; fileRef = 63953ABE194121FB0078794F /* IPRegisterViewController.m */; };
/* End PBXBuildFile section */

/* Begin PBXContainerItemProxy section */
		635FEB6A193FC96900F5C0F4 /* PBXContainerItemProxy */ = {
			isa = PBXContainerItemProxy;
			containerPortal = 635FEB3C193FC96900F5C0F4 /* Project object */;
			proxyType = 1;
			remoteGlobalIDString = 635FEB43193FC96900F5C0F4;
			remoteInfo = "Intern Progress";
		};
/* End PBXContainerItemProxy section */

/* Begin PBXFileReference section */
		635FEB44193FC96900F5C0F4 /* Intern Progress.app */ = {isa = PBXFileReference; explicitFileType = wrapper.application; includeInIndex = 0; path = "Intern Progress.app"; sourceTree = BUILT_PRODUCTS_DIR; };
		635FEB47193FC96900F5C0F4 /* Foundation.framework */ = {isa = PBXFileReference; lastKnownFileType = wrapper.framework; name = Foundation.framework; path = System/Library/Frameworks/Foundation.framework; sourceTree = SDKROOT; };
		635FEB49193FC96900F5C0F4 /* CoreGraphics.framework */ = {isa = PBXFileReference; lastKnownFileType = wrapper.framework; name = CoreGraphics.framework; path = System/Library/Frameworks/CoreGraphics.framework; sourceTree = SDKROOT; };
		635FEB4B193FC96900F5C0F4 /* UIKit.framework */ = {isa = PBXFileReference; lastKnownFileType = wrapper.framework; name = UIKit.framework; path = System/Library/Frameworks/UIKit.framework; sourceTree = SDKROOT; };
		635FEB4F193FC96900F5C0F4 /* Intern Progress-Info.plist */ = {isa = PBXFileReference; lastKnownFileType = text.plist.xml; path = "Intern Progress-Info.plist"; sourceTree = "<group>"; };
		635FEB51193FC96900F5C0F4 /* en */ = {isa = PBXFileReference; lastKnownFileType = text.plist.strings; name = en; path = en.lproj/InfoPlist.strings; sourceTree = "<group>"; };
		635FEB53193FC96900F5C0F4 /* main.m */ = {isa = PBXFileReference; lastKnownFileType = sourcecode.c.objc; path = main.m; sourceTree = "<group>"; };
		635FEB55193FC96900F5C0F4 /* Intern Progress-Prefix.pch */ = {isa = PBXFileReference; lastKnownFileType = sourcecode.c.h; path = "Intern Progress-Prefix.pch"; sourceTree = "<group>"; };
		635FEB56193FC96900F5C0F4 /* IPAppDelegate.h */ = {isa = PBXFileReference; lastKnownFileType = sourcecode.c.h; path = IPAppDelegate.h; sourceTree = "<group>"; };
		635FEB57193FC96900F5C0F4 /* IPAppDelegate.m */ = {isa = PBXFileReference; lastKnownFileType = sourcecode.c.objc; path = IPAppDelegate.m; sourceTree = "<group>"; };
		635FEB5A193FC96900F5C0F4 /* Base */ = {isa = PBXFileReference; lastKnownFileType = file.storyboard; name = Base; path = Base.lproj/Main.storyboard; sourceTree = "<group>"; };
		635FEB5C193FC96900F5C0F4 /* IPLoginViewController.h */ = {isa = PBXFileReference; lastKnownFileType = sourcecode.c.h; path = IPLoginViewController.h; sourceTree = "<group>"; };
		635FEB5D193FC96900F5C0F4 /* IPLoginViewController.m */ = {isa = PBXFileReference; lastKnownFileType = sourcecode.c.objc; path = IPLoginViewController.m; sourceTree = "<group>"; };
		635FEB5F193FC96900F5C0F4 /* Images.xcassets */ = {isa = PBXFileReference; lastKnownFileType = folder.assetcatalog; path = Images.xcassets; sourceTree = "<group>"; };
		635FEB65193FC96900F5C0F4 /* Intern ProgressTests.xctest */ = {isa = PBXFileReference; explicitFileType = wrapper.cfbundle; includeInIndex = 0; path = "Intern ProgressTests.xctest"; sourceTree = BUILT_PRODUCTS_DIR; };
		635FEB66193FC96900F5C0F4 /* XCTest.framework */ = {isa = PBXFileReference; lastKnownFileType = wrapper.framework; name = XCTest.framework; path = Library/Frameworks/XCTest.framework; sourceTree = DEVELOPER_DIR; };
		635FEB6E193FC96900F5C0F4 /* Intern ProgressTests-Info.plist */ = {isa = PBXFileReference; lastKnownFileType = text.plist.xml; path = "Intern ProgressTests-Info.plist"; sourceTree = "<group>"; };
		635FEB70193FC96900F5C0F4 /* en */ = {isa = PBXFileReference; lastKnownFileType = text.plist.strings; name = en; path = en.lproj/InfoPlist.strings; sourceTree = "<group>"; };
		635FEB72193FC96900F5C0F4 /* Intern_ProgressTests.m */ = {isa = PBXFileReference; lastKnownFileType = sourcecode.c.objc; path = Intern_ProgressTests.m; sourceTree = "<group>"; };
		635FEB7D193FCA0D00F5C0F4 /* CoreLocation.framework */ = {isa = PBXFileReference; lastKnownFileType = wrapper.framework; name = CoreLocation.framework; path = System/Library/Frameworks/CoreLocation.framework; sourceTree = SDKROOT; };
		635FEB7F193FCA1300F5C0F4 /* CoreTelephony.framework */ = {isa = PBXFileReference; lastKnownFileType = wrapper.framework; name = CoreTelephony.framework; path = System/Library/Frameworks/CoreTelephony.framework; sourceTree = SDKROOT; };
		635FEB81193FCA1B00F5C0F4 /* Security.framework */ = {isa = PBXFileReference; lastKnownFileType = wrapper.framework; name = Security.framework; path = System/Library/Frameworks/Security.framework; sourceTree = SDKROOT; };
		635FEB83193FCA2900F5C0F4 /* SystemConfiguration.framework */ = {isa = PBXFileReference; lastKnownFileType = wrapper.framework; name = SystemConfiguration.framework; path = System/Library/Frameworks/SystemConfiguration.framework; sourceTree = SDKROOT; };
		635FEB85193FCA3100F5C0F4 /* QuartzCore.framework */ = {isa = PBXFileReference; lastKnownFileType = wrapper.framework; name = QuartzCore.framework; path = System/Library/Frameworks/QuartzCore.framework; sourceTree = SDKROOT; };
		635FEB87193FCE5500F5C0F4 /* ApigeeiOSSDK.framework */ = {isa = PBXFileReference; lastKnownFileType = wrapper.framework; path = ApigeeiOSSDK.framework; sourceTree = "<group>"; };
		63953ABD194121FB0078794F /* IPRegisterViewController.h */ = {isa = PBXFileReference; fileEncoding = 4; lastKnownFileType = sourcecode.c.h; path = IPRegisterViewController.h; sourceTree = "<group>"; };
		63953ABE194121FB0078794F /* IPRegisterViewController.m */ = {isa = PBXFileReference; fileEncoding = 4; lastKnownFileType = sourcecode.c.objc; path = IPRegisterViewController.m; sourceTree = "<group>"; };
/* End PBXFileReference section */

/* Begin PBXFrameworksBuildPhase section */
		635FEB41193FC96900F5C0F4 /* Frameworks */ = {
			isa = PBXFrameworksBuildPhase;
			buildActionMask = 2147483647;
			files = (
				635FEB88193FCE5500F5C0F4 /* ApigeeiOSSDK.framework in Frameworks */,
				635FEB86193FCA3100F5C0F4 /* QuartzCore.framework in Frameworks */,
				635FEB84193FCA2900F5C0F4 /* SystemConfiguration.framework in Frameworks */,
				635FEB82193FCA1B00F5C0F4 /* Security.framework in Frameworks */,
				635FEB80193FCA1300F5C0F4 /* CoreTelephony.framework in Frameworks */,
				635FEB7E193FCA0D00F5C0F4 /* CoreLocation.framework in Frameworks */,
				635FEB7C193FCA0600F5C0F4 /* CoreGraphics.framework in Frameworks */,
				635FEB4C193FC96900F5C0F4 /* UIKit.framework in Frameworks */,
				635FEB48193FC96900F5C0F4 /* Foundation.framework in Frameworks */,
			);
			runOnlyForDeploymentPostprocessing = 0;
		};
		635FEB62193FC96900F5C0F4 /* Frameworks */ = {
			isa = PBXFrameworksBuildPhase;
			buildActionMask = 2147483647;
			files = (
				635FEB67193FC96900F5C0F4 /* XCTest.framework in Frameworks */,
				635FEB69193FC96900F5C0F4 /* UIKit.framework in Frameworks */,
				635FEB68193FC96900F5C0F4 /* Foundation.framework in Frameworks */,
			);
			runOnlyForDeploymentPostprocessing = 0;
		};
/* End PBXFrameworksBuildPhase section */

/* Begin PBXGroup section */
		635FEB3B193FC96900F5C0F4 = {
			isa = PBXGroup;
			children = (
				635FEB4D193FC96900F5C0F4 /* Intern Progress */,
				635FEB6C193FC96900F5C0F4 /* Intern ProgressTests */,
				635FEB46193FC96900F5C0F4 /* Frameworks */,
				635FEB45193FC96900F5C0F4 /* Products */,
			);
			sourceTree = "<group>";
		};
		635FEB45193FC96900F5C0F4 /* Products */ = {
			isa = PBXGroup;
			children = (
				635FEB44193FC96900F5C0F4 /* Intern Progress.app */,
				635FEB65193FC96900F5C0F4 /* Intern ProgressTests.xctest */,
			);
			name = Products;
			sourceTree = "<group>";
		};
		635FEB46193FC96900F5C0F4 /* Frameworks */ = {
			isa = PBXGroup;
			children = (
				635FEB87193FCE5500F5C0F4 /* ApigeeiOSSDK.framework */,
				635FEB85193FCA3100F5C0F4 /* QuartzCore.framework */,
				635FEB83193FCA2900F5C0F4 /* SystemConfiguration.framework */,
				635FEB81193FCA1B00F5C0F4 /* Security.framework */,
				635FEB7F193FCA1300F5C0F4 /* CoreTelephony.framework */,
				635FEB7D193FCA0D00F5C0F4 /* CoreLocation.framework */,
				635FEB47193FC96900F5C0F4 /* Foundation.framework */,
				635FEB49193FC96900F5C0F4 /* CoreGraphics.framework */,
				635FEB4B193FC96900F5C0F4 /* UIKit.framework */,
				635FEB66193FC96900F5C0F4 /* XCTest.framework */,
			);
			name = Frameworks;
			sourceTree = "<group>";
		};
		635FEB4D193FC96900F5C0F4 /* Intern Progress */ = {
			isa = PBXGroup;
			children = (
				635FEB56193FC96900F5C0F4 /* IPAppDelegate.h */,
				635FEB57193FC96900F5C0F4 /* IPAppDelegate.m */,
				635FEB59193FC96900F5C0F4 /* Main.storyboard */,
				635FEB5C193FC96900F5C0F4 /* IPLoginViewController.h */,
				635FEB5D193FC96900F5C0F4 /* IPLoginViewController.m */,
				63953ABD194121FB0078794F /* IPRegisterViewController.h */,
				63953ABE194121FB0078794F /* IPRegisterViewController.m */,
				635FEB5F193FC96900F5C0F4 /* Images.xcassets */,
				635FEB4E193FC96900F5C0F4 /* Supporting Files */,
			);
			path = "Intern Progress";
			sourceTree = "<group>";
		};
		635FEB4E193FC96900F5C0F4 /* Supporting Files */ = {
			isa = PBXGroup;
			children = (
				635FEB4F193FC96900F5C0F4 /* Intern Progress-Info.plist */,
				635FEB50193FC96900F5C0F4 /* InfoPlist.strings */,
				635FEB53193FC96900F5C0F4 /* main.m */,
				635FEB55193FC96900F5C0F4 /* Intern Progress-Prefix.pch */,
			);
			name = "Supporting Files";
			sourceTree = "<group>";
		};
		635FEB6C193FC96900F5C0F4 /* Intern ProgressTests */ = {
			isa = PBXGroup;
			children = (
				635FEB72193FC96900F5C0F4 /* Intern_ProgressTests.m */,
				635FEB6D193FC96900F5C0F4 /* Supporting Files */,
			);
			path = "Intern ProgressTests";
			sourceTree = "<group>";
		};
		635FEB6D193FC96900F5C0F4 /* Supporting Files */ = {
			isa = PBXGroup;
			children = (
				635FEB6E193FC96900F5C0F4 /* Intern ProgressTests-Info.plist */,
				635FEB6F193FC96900F5C0F4 /* InfoPlist.strings */,
			);
			name = "Supporting Files";
			sourceTree = "<group>";
		};
/* End PBXGroup section */

/* Begin PBXNativeTarget section */
		635FEB43193FC96900F5C0F4 /* Intern Progress */ = {
			isa = PBXNativeTarget;
			buildConfigurationList = 635FEB76193FC96900F5C0F4 /* Build configuration list for PBXNativeTarget "Intern Progress" */;
			buildPhases = (
				635FEB40193FC96900F5C0F4 /* Sources */,
				635FEB41193FC96900F5C0F4 /* Frameworks */,
				635FEB42193FC96900F5C0F4 /* Resources */,
			);
			buildRules = (
			);
			dependencies = (
			);
			name = "Intern Progress";
			productName = "Intern Progress";
			productReference = 635FEB44193FC96900F5C0F4 /* Intern Progress.app */;
			productType = "com.apple.product-type.application";
		};
		635FEB64193FC96900F5C0F4 /* Intern ProgressTests */ = {
			isa = PBXNativeTarget;
			buildConfigurationList = 635FEB79193FC96900F5C0F4 /* Build configuration list for PBXNativeTarget "Intern ProgressTests" */;
			buildPhases = (
				635FEB61193FC96900F5C0F4 /* Sources */,
				635FEB62193FC96900F5C0F4 /* Frameworks */,
				635FEB63193FC96900F5C0F4 /* Resources */,
			);
			buildRules = (
			);
			dependencies = (
				635FEB6B193FC96900F5C0F4 /* PBXTargetDependency */,
			);
			name = "Intern ProgressTests";
			productName = "Intern ProgressTests";
			productReference = 635FEB65193FC96900F5C0F4 /* Intern ProgressTests.xctest */;
			productType = "com.apple.product-type.bundle.unit-test";
		};
/* End PBXNativeTarget section */

/* Begin PBXProject section */
		635FEB3C193FC96900F5C0F4 /* Project object */ = {
			isa = PBXProject;
			attributes = {
				CLASSPREFIX = IP;
				LastUpgradeCheck = 0510;
				ORGANIZATIONNAME = pjain;
				TargetAttributes = {
					635FEB64193FC96900F5C0F4 = {
						TestTargetID = 635FEB43193FC96900F5C0F4;
					};
				};
			};
			buildConfigurationList = 635FEB3F193FC96900F5C0F4 /* Build configuration list for PBXProject "Intern Progress" */;
			compatibilityVersion = "Xcode 3.2";
			developmentRegion = English;
			hasScannedForEncodings = 0;
			knownRegions = (
				en,
				Base,
			);
			mainGroup = 635FEB3B193FC96900F5C0F4;
			productRefGroup = 635FEB45193FC96900F5C0F4 /* Products */;
			projectDirPath = "";
			projectRoot = "";
			targets = (
				635FEB43193FC96900F5C0F4 /* Intern Progress */,
				635FEB64193FC96900F5C0F4 /* Intern ProgressTests */,
			);
		};
/* End PBXProject section */

/* Begin PBXResourcesBuildPhase section */
		635FEB42193FC96900F5C0F4 /* Resources */ = {
			isa = PBXResourcesBuildPhase;
			buildActionMask = 2147483647;
			files = (
				635FEB60193FC96900F5C0F4 /* Images.xcassets in Resources */,
				635FEB52193FC96900F5C0F4 /* InfoPlist.strings in Resources */,
				635FEB5B193FC96900F5C0F4 /* Main.storyboard in Resources */,
			);
			runOnlyForDeploymentPostprocessing = 0;
		};
		635FEB63193FC96900F5C0F4 /* Resources */ = {
			isa = PBXResourcesBuildPhase;
			buildActionMask = 2147483647;
			files = (
				635FEB71193FC96900F5C0F4 /* InfoPlist.strings in Resources */,
			);
			runOnlyForDeploymentPostprocessing = 0;
		};
/* End PBXResourcesBuildPhase section */

/* Begin PBXSourcesBuildPhase section */
		635FEB40193FC96900F5C0F4 /* Sources */ = {
			isa = PBXSourcesBuildPhase;
			buildActionMask = 2147483647;
			files = (
				635FEB54193FC96900F5C0F4 /* main.m in Sources */,
				635FEB58193FC96900F5C0F4 /* IPAppDelegate.m in Sources */,
				63953ABF194121FB0078794F /* IPRegisterViewController.m in Sources */,
				635FEB5E193FC96900F5C0F4 /* IPLoginViewController.m in Sources */,
			);
			runOnlyForDeploymentPostprocessing = 0;
		};
		635FEB61193FC96900F5C0F4 /* Sources */ = {
			isa = PBXSourcesBuildPhase;
			buildActionMask = 2147483647;
			files = (
				635FEB73193FC96900F5C0F4 /* Intern_ProgressTests.m in Sources */,
			);
			runOnlyForDeploymentPostprocessing = 0;
		};
/* End PBXSourcesBuildPhase section */

/* Begin PBXTargetDependency section */
		635FEB6B193FC96900F5C0F4 /* PBXTargetDependency */ = {
			isa = PBXTargetDependency;
			target = 635FEB43193FC96900F5C0F4 /* Intern Progress */;
			targetProxy = 635FEB6A193FC96900F5C0F4 /* PBXContainerItemProxy */;
		};
/* End PBXTargetDependency section */

/* Begin PBXVariantGroup section */
		635FEB50193FC96900F5C0F4 /* InfoPlist.strings */ = {
			isa = PBXVariantGroup;
			children = (
				635FEB51193FC96900F5C0F4 /* en */,
			);
			name = InfoPlist.strings;
			sourceTree = "<group>";
		};
		635FEB59193FC96900F5C0F4 /* Main.storyboard */ = {
			isa = PBXVariantGroup;
			children = (
				635FEB5A193FC96900F5C0F4 /* Base */,
			);
			name = Main.storyboard;
			sourceTree = "<group>";
		};
		635FEB6F193FC96900F5C0F4 /* InfoPlist.strings */ = {
			isa = PBXVariantGroup;
			children = (
				635FEB70193FC96900F5C0F4 /* en */,
			);
			name = InfoPlist.strings;
			sourceTree = "<group>";
		};
/* End PBXVariantGroup section */

/* Begin XCBuildConfiguration section */
		635FEB74193FC96900F5C0F4 /* Debug */ = {
			isa = XCBuildConfiguration;
			buildSettings = {
				ALWAYS_SEARCH_USER_PATHS = NO;
				CLANG_CXX_LANGUAGE_STANDARD = "gnu++0x";
				CLANG_CXX_LIBRARY = "libc++";
				CLANG_ENABLE_MODULES = YES;
				CLANG_ENABLE_OBJC_ARC = YES;
				CLANG_WARN_BOOL_CONVERSION = YES;
				CLANG_WARN_CONSTANT_CONVERSION = YES;
				CLANG_WARN_DIRECT_OBJC_ISA_USAGE = YES_ERROR;
				CLANG_WARN_EMPTY_BODY = YES;
				CLANG_WARN_ENUM_CONVERSION = YES;
				CLANG_WARN_INT_CONVERSION = YES;
				CLANG_WARN_OBJC_ROOT_CLASS = YES_ERROR;
				CLANG_WARN__DUPLICATE_METHOD_MATCH = YES;
				"CODE_SIGN_IDENTITY[sdk=iphoneos*]" = "iPhone Developer";
				COPY_PHASE_STRIP = NO;
				GCC_C_LANGUAGE_STANDARD = gnu99;
				GCC_DYNAMIC_NO_PIC = NO;
				GCC_OPTIMIZATION_LEVEL = 0;
				GCC_PREPROCESSOR_DEFINITIONS = (
					"DEBUG=1",
					"$(inherited)",
				);
				GCC_SYMBOLS_PRIVATE_EXTERN = NO;
				GCC_WARN_64_TO_32_BIT_CONVERSION = YES;
				GCC_WARN_ABOUT_RETURN_TYPE = YES_ERROR;
				GCC_WARN_UNDECLARED_SELECTOR = YES;
				GCC_WARN_UNINITIALIZED_AUTOS = YES_AGGRESSIVE;
				GCC_WARN_UNUSED_FUNCTION = YES;
				GCC_WARN_UNUSED_VARIABLE = YES;
				IPHONEOS_DEPLOYMENT_TARGET = 7.1;
				ONLY_ACTIVE_ARCH = YES;
				SDKROOT = iphoneos;
			};
			name = Debug;
		};
		635FEB75193FC96900F5C0F4 /* Release */ = {
			isa = XCBuildConfiguration;
			buildSettings = {
				ALWAYS_SEARCH_USER_PATHS = NO;
				CLANG_CXX_LANGUAGE_STANDARD = "gnu++0x";
				CLANG_CXX_LIBRARY = "libc++";
				CLANG_ENABLE_MODULES = YES;
				CLANG_ENABLE_OBJC_ARC = YES;
				CLANG_WARN_BOOL_CONVERSION = YES;
				CLANG_WARN_CONSTANT_CONVERSION = YES;
				CLANG_WARN_DIRECT_OBJC_ISA_USAGE = YES_ERROR;
				CLANG_WARN_EMPTY_BODY = YES;
				CLANG_WARN_ENUM_CONVERSION = YES;
				CLANG_WARN_INT_CONVERSION = YES;
				CLANG_WARN_OBJC_ROOT_CLASS = YES_ERROR;
				CLANG_WARN__DUPLICATE_METHOD_MATCH = YES;
				"CODE_SIGN_IDENTITY[sdk=iphoneos*]" = "iPhone Developer";
				COPY_PHASE_STRIP = YES;
				ENABLE_NS_ASSERTIONS = NO;
				GCC_C_LANGUAGE_STANDARD = gnu99;
				GCC_WARN_64_TO_32_BIT_CONVERSION = YES;
				GCC_WARN_ABOUT_RETURN_TYPE = YES_ERROR;
				GCC_WARN_UNDECLARED_SELECTOR = YES;
				GCC_WARN_UNINITIALIZED_AUTOS = YES_AGGRESSIVE;
				GCC_WARN_UNUSED_FUNCTION = YES;
				GCC_WARN_UNUSED_VARIABLE = YES;
				IPHONEOS_DEPLOYMENT_TARGET = 7.1;
				SDKROOT = iphoneos;
				VALIDATE_PRODUCT = YES;
			};
			name = Release;
		};
		635FEB77193FC96900F5C0F4 /* Debug */ = {
			isa = XCBuildConfiguration;
			buildSettings = {
				ASSETCATALOG_COMPILER_APPICON_NAME = AppIcon;
				ASSETCATALOG_COMPILER_LAUNCHIMAGE_NAME = LaunchImage;
				FRAMEWORK_SEARCH_PATHS = (
					"$(inherited)",
					"$(PROJECT_DIR)",
				);
				GCC_PRECOMPILE_PREFIX_HEADER = YES;
				GCC_PREFIX_HEADER = "Intern Progress/Intern Progress-Prefix.pch";
				INFOPLIST_FILE = "Intern Progress/Intern Progress-Info.plist";
				OTHER_LDFLAGS = (
					"-ObjC",
					"-all_load",
				);
				PRODUCT_NAME = "$(TARGET_NAME)";
				WRAPPER_EXTENSION = app;
			};
			name = Debug;
		};
		635FEB78193FC96900F5C0F4 /* Release */ = {
			isa = XCBuildConfiguration;
			buildSettings = {
				ASSETCATALOG_COMPILER_APPICON_NAME = AppIcon;
				ASSETCATALOG_COMPILER_LAUNCHIMAGE_NAME = LaunchImage;
				FRAMEWORK_SEARCH_PATHS = (
					"$(inherited)",
					"$(PROJECT_DIR)",
				);
				GCC_PRECOMPILE_PREFIX_HEADER = YES;
				GCC_PREFIX_HEADER = "Intern Progress/Intern Progress-Prefix.pch";
				INFOPLIST_FILE = "Intern Progress/Intern Progress-Info.plist";
				OTHER_LDFLAGS = (
					"-ObjC",
					"-all_load",
				);
				PRODUCT_NAME = "$(TARGET_NAME)";
				WRAPPER_EXTENSION = app;
			};
			name = Release;
		};
		635FEB7A193FC96900F5C0F4 /* Debug */ = {
			isa = XCBuildConfiguration;
			buildSettings = {
				BUNDLE_LOADER = "$(BUILT_PRODUCTS_DIR)/Intern Progress.app/Intern Progress";
				FRAMEWORK_SEARCH_PATHS = (
					"$(SDKROOT)/Developer/Library/Frameworks",
					"$(inherited)",
					"$(DEVELOPER_FRAMEWORKS_DIR)",
				);
				GCC_PRECOMPILE_PREFIX_HEADER = YES;
				GCC_PREFIX_HEADER = "Intern Progress/Intern Progress-Prefix.pch";
				GCC_PREPROCESSOR_DEFINITIONS = (
					"DEBUG=1",
					"$(inherited)",
				);
				INFOPLIST_FILE = "Intern ProgressTests/Intern ProgressTests-Info.plist";
				PRODUCT_NAME = "$(TARGET_NAME)";
				TEST_HOST = "$(BUNDLE_LOADER)";
				WRAPPER_EXTENSION = xctest;
			};
			name = Debug;
		};
		635FEB7B193FC96900F5C0F4 /* Release */ = {
			isa = XCBuildConfiguration;
			buildSettings = {
				BUNDLE_LOADER = "$(BUILT_PRODUCTS_DIR)/Intern Progress.app/Intern Progress";
				FRAMEWORK_SEARCH_PATHS = (
					"$(SDKROOT)/Developer/Library/Frameworks",
					"$(inherited)",
					"$(DEVELOPER_FRAMEWORKS_DIR)",
				);
				GCC_PRECOMPILE_PREFIX_HEADER = YES;
				GCC_PREFIX_HEADER = "Intern Progress/Intern Progress-Prefix.pch";
				INFOPLIST_FILE = "Intern ProgressTests/Intern ProgressTests-Info.plist";
				PRODUCT_NAME = "$(TARGET_NAME)";
				TEST_HOST = "$(BUNDLE_LOADER)";
				WRAPPER_EXTENSION = xctest;
			};
			name = Release;
		};
/* End XCBuildConfiguration section */

/* Begin XCConfigurationList section */
		635FEB3F193FC96900F5C0F4 /* Build configuration list for PBXProject "Intern Progress" */ = {
			isa = XCConfigurationList;
			buildConfigurations = (
				635FEB74193FC96900F5C0F4 /* Debug */,
				635FEB75193FC96900F5C0F4 /* Release */,
			);
			defaultConfigurationIsVisible = 0;
			defaultConfigurationName = Release;
		};
		635FEB76193FC96900F5C0F4 /* Build configuration list for PBXNativeTarget "Intern Progress" */ = {
			isa = XCConfigurationList;
			buildConfigurations = (
				635FEB77193FC96900F5C0F4 /* Debug */,
				635FEB78193FC96900F5C0F4 /* Release */,
			);
			defaultConfigurationIsVisible = 0;
			defaultConfigurationName = Release;
		};
		635FEB79193FC96900F5C0F4 /* Build configuration list for PBXNativeTarget "Intern ProgressTests" */ = {
			isa = XCConfigurationList;
			buildConfigurations = (
				635FEB7A193FC96900F5C0F4 /* Debug */,
				635FEB7B193FC96900F5C0F4 /* Release */,
			);
			defaultConfigurationIsVisible = 0;
			defaultConfigurationName = Release;
		};
/* End XCConfigurationList section */
	};
	rootObject = 635FEB3C193FC96900F5C0F4 /* Project object */;
}
